git.sr.ht/~jordanreger/bsky/api v0.0.0-20240502030522-c4c24b131f8e h1:eZu7YK7FRAhzeogOW8Xf5jLE1ILEV9YehSP/jIPoP2I=
git.sr.ht/~jordanreger/bsky/api v0.0.0-20240502030522-c4c24b131f8e/go.mod h1:AvNcIB5BZX/+ucr9vfRO+ZcjF57RJAmcs7l1j4hew+I=
git.sr.ht/~jordanreger/bsky/util v0.0.0-20240502030522-c4c24b131f8e h1:uZwhg16Xpf6DfTEJVX3ZKyGaR5wBZMQmxfrb0s24aic=
git.sr.ht/~jordanreger/bsky/util v0.0.0-20240502030522-c4c24b131f8e/go.mod h1:dFIWBF2o6TH0V3jKU+F4Zbve24lXSk0Yu6WfdEtaBLQ=
git.sr.ht/~jordanreger/wx/bots/social v0.0.0-20240502031917-bc9ca23ac928 h1:tacV4dxZf3RaCwh4l9wxZnaLNiFhgxLzKdZdVQQqjIs=
git.sr.ht/~jordanreger/wx/bots/social v0.0.0-20240502031917-bc9ca23ac928/go.mod h1:6DCXtq552RTtt4TqtjDigihundYajAxOw6aWmoO0150=
git.sr.ht/~jordanreger/wx/products/warnings v0.0.0-20240502031917-bc9ca23ac928 h1:IiogVfAx8nQNpNYPQhFBg287BbFVNei11wuQ2vJmjf4=
git.sr.ht/~jordanreger/wx/products/warnings v0.0.0-20240502031917-bc9ca23ac928/go.mod h1:OUFzhBdVsJ8MvTdGn6l1LayYJLE7cPtwwOYfWWj15Uk=
