github.com/joho/godotenv v1.5.1 h1:7eLL/+HRGLY0ldzfGMeQkb7vMd0as4CfYvUVzLqw0N0=
github.com/joho/godotenv v1.5.1/go.mod h1:f4LDr5Voq0i2e/R5DDNOoa2zzDfwtkZa6DnEwAbqwq4=
jordanreger.com/bsky/api v0.0.0-20240502184306-5d4d98343818 h1:Pe9WgGq4tRMih6RyEJ7VgZGaOL6n5A0keFfmH9oCYRM=
jordanreger.com/bsky/api v0.0.0-20240502184306-5d4d98343818/go.mod h1:ylSf8bwtNibjMkuSgfF661zNqKEYiDY1DGtkQyDsV/0=
jordanreger.com/bsky/api v0.0.0-20240508195844-777f85b537f7 h1:PpA2tkl1y4t7m2Fx+SXWK6Y4hiB/UbriAP7HLj7uk4w=
jordanreger.com/bsky/api v0.0.0-20240508195844-777f85b537f7/go.mod h1:ylSf8bwtNibjMkuSgfF661zNqKEYiDY1DGtkQyDsV/0=
jordanreger.com/bsky/util v0.0.0-20240502183753-0e5dd1df59ea h1:WBhmOi7MGzV5MF7oaGQwqQ8MJwbpYOzezKpC1DilhVg=
jordanreger.com/bsky/util v0.0.0-20240502183753-0e5dd1df59ea/go.mod h1:qGCb++h6UadQVB7GcWjxd9EpOSPNA0Jf16FUkpxXK48=
jordanreger.com/bsky/util v0.0.0-20240508195844-777f85b537f7 h1:K3gRI3JufBTlZK8ghElIZCMW3MrIPoji8RIvQBnlTUQ=
jordanreger.com/bsky/util v0.0.0-20240508195844-777f85b537f7/go.mod h1:qGCb++h6UadQVB7GcWjxd9EpOSPNA0Jf16FUkpxXK48=
jordanreger.com/wx/bots/social v0.0.0-20240502191254-d54b742838fd h1:8YKtSSpAfhodDgo6iADA9CpNfwmtGAfwjGlbkY1PUeQ=
jordanreger.com/wx/bots/social v0.0.0-20240502191254-d54b742838fd/go.mod h1:VQ1EoVYEgXgu7vRqWRNEgBGhSuZfzCx+Ib+L164bVBk=
jordanreger.com/wx/bots/social v0.0.0-20240508220756-51967e0b6715 h1:ZbO4a9GBEiw9GrrEtbkqGNMW3xYYRoCFIrNMQ/aH9rU=
jordanreger.com/wx/bots/social v0.0.0-20240508220756-51967e0b6715/go.mod h1:sWxNKWfK1nzoO0GvolOjjtTtjTg1yI81d7p6tfM9pas=
jordanreger.com/wx/products/warnings v0.0.0-20240502191254-d54b742838fd h1:q8Sbe/GndTe/eEpKpM5+0KhELnPYhdGpWSPyr3LtyJA=
jordanreger.com/wx/products/warnings v0.0.0-20240502191254-d54b742838fd/go.mod h1:3ComrnTdBucOypvd7mYyuS7SREEAQCqGMxmF5ql8EiE=
jordanreger.com/wx/products/warnings v0.0.0-20240508204034-a20b66af371d h1:auynEfpp9C3FpNf8ncB5Ujj4hIRfCAvKR663VJM7OJE=
jordanreger.com/wx/products/warnings v0.0.0-20240508204034-a20b66af371d/go.mod h1:3ComrnTdBucOypvd7mYyuS7SREEAQCqGMxmF5ql8EiE=
