github.com/fjalldev/wx/products/warnings v0.0.0-20240308015331-748edfb98f43 h1:mHku7JAiKXW48XthW+1AgRxJi8VNWSPwyfDUOvVxW6Y=
github.com/fjalldev/wx/products/warnings v0.0.0-20240308015331-748edfb98f43/go.mod h1:+r5r345Tb/G0wgCtuwLzPipIE9tol5ivNEoNLc0yoZU=
github.com/joho/godotenv v1.5.1 h1:7eLL/+HRGLY0ldzfGMeQkb7vMd0as4CfYvUVzLqw0N0=
github.com/joho/godotenv v1.5.1/go.mod h1:f4LDr5Voq0i2e/R5DDNOoa2zzDfwtkZa6DnEwAbqwq4=
github.com/jordanreger/htmlsky/bsky v0.0.0-20240306155219-da790a5855ce h1:FNDPXcmVlGQgSrvM/7Dy7hfUdSh0baeyu74kvdN0ih0=
github.com/jordanreger/htmlsky/bsky v0.0.0-20240306155219-da790a5855ce/go.mod h1:NhKmn1u3hh/ZWMPTBt6zXCWLuQ5WtYBSH5ZsZ2VKpBQ=
github.com/jordanreger/htmlsky/util v0.0.0-20240306155219-da790a5855ce h1:0YBLuWzSgrCnw+J/L86bVKmwYlw4XVMcVi4dMqiSRDo=
github.com/jordanreger/htmlsky/util v0.0.0-20240306155219-da790a5855ce/go.mod h1:quGqlhzhYZpRLGF4VIJf5VfV1hkhZTgDb6aoHA5QZ8Y=
